PODS:
  - FURenderKit (8.3.0)
  - SVProgressHUD (2.2.5)

DEPENDENCIES:
  - FURenderKit (~> 8.3.0)
  - SVProgressHUD

SPEC REPOS:
  https://mirrors.tuna.tsinghua.edu.cn/git/CocoaPods/Specs.git:
    - FURenderKit
    - SVProgressHUD

SPEC CHECKSUMS:
  FURenderKit: 3cd05abd03134d287a1d63cbaaeb95d304ba6bd6
  SVProgressHUD: 1428aafac632c1f86f62aa4243ec12008d7a51d6

PODFILE CHECKSUM: a61933bd245c0f82dd920d46c8d642d15a73fd07

COCOAPODS: 1.11.3
