PODS:
  - TXLiteAVSDK_Professional (8.0.9644)

DEPENDENCIES:
  - TXLiteAVSDK_Professional (~> 8.0.9643)

SPEC REPOS:
  trunk:
    - TXLiteAVSDK_Professional

SPEC CHECKSUMS:
  TXLiteAVSDK_Professional: a6c4150c76f695ff5b62d64112eb0193bee5c39b

PODFILE CHECKSUM: 2daf036f13b1fb9328bb3adf527d84ca5a3f30c0

COCOAPODS: 1.9.3
